
Microsoft Visual Studio Solution File, Format Version 12.00
# Visual Studio 15
Project("{FAE04EC0-301F-11D3-BF4B-00C04F79EFBC}") = "Assembly-CSharp", "Assembly-CSharp.csproj", "{DFB7DE44-7224-3A6A-8D45-BF9D8B885E6A}"
EndProject
Global
	GlobalSection(SolutionConfigurationPlatforms) = preSolution
		Debug|Any CPU = Debug|Any CPU
		Release|Any CPU = Release|Any CPU
	EndGlobalSection
	GlobalSection(ProjectConfigurationPlatforms) = postSolution
		{DFB7DE44-7224-3A6A-8D45-BF9D8B885E6A}.Debug|Any CPU.ActiveCfg = Debug|Any CPU
		{DFB7DE44-7224-3A6A-8D45-BF9D8B885E6A}.Debug|Any CPU.Build.0 = Debug|Any CPU
		{DFB7DE44-7224-3A6A-8D45-BF9D8B885E6A}.Release|Any CPU.ActiveCfg = Release|Any CPU
		{DFB7DE44-7224-3A6A-8D45-BF9D8B885E6A}.Release|Any CPU.Build.0 = Release|Any CPU
	EndGlobalSection
	GlobalSection(SolutionProperties) = preSolution
		HideSolutionNode = FALSE
	EndGlobalSection
EndGlobal
